
Microsoft Visual Studio Solution File, Format Version 12.00
# Visual Studio Version 16
VisualStudioVersion = 16.0.31424.327
MinimumVisualStudioVersion = 10.0.40219.1
Project("{8BC9CEB8-8B4A-11D0-8D11-00A0C91BC942}") = "RoadRunner", "RoadRunner.vcxproj", "{43656C05-C6F1-460E-A839-F29E82B1AB45}"
EndProject
Global
	GlobalSection(SolutionConfigurationPlatforms) = preSolution
		Debug|x64 = Debug|x64
		Debug|x86 = Debug|x86
		Release|x64 = Release|x64
		Release|x86 = Release|x86
	EndGlobalSection
	GlobalSection(ProjectConfigurationPlatforms) = postSolution
		{43656C05-C6F1-460E-A839-F29E82B1AB45}.Debug|x64.ActiveCfg = Debug|x64
		{43656C05-C6F1-460E-A839-F29E82B1AB45}.Debug|x64.Build.0 = Debug|x64
		{43656C05-C6F1-460E-A839-F29E82B1AB45}.Debug|x86.ActiveCfg = Debug|Win32
		{43656C05-C6F1-460E-A839-F29E82B1AB45}.Debug|x86.Build.0 = Debug|Win32
		{43656C05-C6F1-460E-A839-F29E82B1AB45}.Release|x64.ActiveCfg = Release|x64
		{43656C05-C6F1-460E-A839-F29E82B1AB45}.Release|x64.Build.0 = Release|x64
		{43656C05-C6F1-460E-A839-F29E82B1AB45}.Release|x86.ActiveCfg = Release|Win32
		{43656C05-C6F1-460E-A839-F29E82B1AB45}.Release|x86.Build.0 = Release|Win32
	EndGlobalSection
	GlobalSection(SolutionProperties) = preSolution
		HideSolutionNode = FALSE
	EndGlobalSection
	GlobalSection(ExtensibilityGlobals) = postSolution
		SolutionGuid = {27B7F26C-F204-493E-A774-30AAD4B71FC2}
	EndGlobalSection
EndGlobal
